{
    "_readme": [
        "This file locks the dependencies of your project to a known state",
        "Read more about it at https://getcomposer.org/doc/01-basic-usage.md#composer-lock-the-lock-file",
        "This file is @generated automatically"
    ],
    "hash": "455638e0ea27e4c55134725894310825",
    "content-hash": "1b6cb9a0ac1441431b405974be174d1a",
    "packages": [
        {
            "name": "amnuts/opcache-gui",
            "version": "v2.3.0",
            "source": {
                "type": "git",
                "url": "https://github.com/amnuts/opcache-gui.git",
                "reference": "9e016f4898c464f5c895c17993416c551f1697d3"
            },
            "dist": {
                "type": "zip",
                "url": "https://api.github.com/repos/amnuts/opcache-gui/zipball/9e016f4898c464f5c895c17993416c551f1697d3",
                "reference": "9e016f4898c464f5c895c17993416c551f1697d3",
                "shasum": ""
            },
            "require": {
                "ext-zend-opcache": "*",
                "php": ">=5.4"
            },
            "type": "library",
            "autoload": {
                "psr-4": {
                    "OpcacheGui\\": "/"
                }
            },
            "notification-url": "https://packagist.org/downloads/",
            "license": [
                "MIT"
            ],
            "authors": [
                {
                    "name": "Andrew Collington",
                    "email": "andy@amnuts.com",
                    "homepage": "http://www.amnuts.com/",
                    "role": "Developer"
                },
                {
                    "name": "Contributors",
                    "homepage": "https://github.com/amnuts/opcache-gui/graphs/contributors"
                }
            ],
            "description": "A clean, effective and responsive interface for Zend OPcache, with real(ish)-time monitoring, filtering and the ability to invalidate files",
            "keywords": [
                "Opcache",
                "cache",
                "gui",
                "interface",
                "opcodes"
            ],
            "time": "2017-06-27 10:58:19"
        }
    ],
    "packages-dev": [],
    "aliases": [],
    "minimum-stability": "stable",
    "stability-flags": [],
    "prefer-stable": false,
    "prefer-lowest": false,
    "platform": [],
    "platform-dev": []
}
